
Microsoft Visual Studio Solution File, Format Version 12.00
# Visual Studio Version 17
VisualStudioVersion = 17.12.35707.178 d17.12
MinimumVisualStudioVersion = 10.0.40219.1
Project("{FAE04EC0-301F-11D3-BF4B-00C04F79EFBC}") = "PruebaEF_API", "PruebaEF_API\PruebaEF_API.csproj", "{261286C6-F449-4BC7-A6A5-8138287C841C}"
EndProject
Project("{FAE04EC0-301F-11D3-BF4B-00C04F79EFBC}") = "Api.Data", "Api.Data\Api.Data.csproj", "{CEA4BEA6-185D-4158-AA86-241887583BE8}"
EndProject
Global
	GlobalSection(SolutionConfigurationPlatforms) = preSolution
		Debug|Any CPU = Debug|Any CPU
		Release|Any CPU = Release|Any CPU
	EndGlobalSection
	GlobalSection(ProjectConfigurationPlatforms) = postSolution
		{261286C6-F449-4BC7-A6A5-8138287C841C}.Debug|Any CPU.ActiveCfg = Debug|Any CPU
		{261286C6-F449-4BC7-A6A5-8138287C841C}.Debug|Any CPU.Build.0 = Debug|Any CPU
		{261286C6-F449-4BC7-A6A5-8138287C841C}.Release|Any CPU.ActiveCfg = Release|Any CPU
		{261286C6-F449-4BC7-A6A5-8138287C841C}.Release|Any CPU.Build.0 = Release|Any CPU
		{CEA4BEA6-185D-4158-AA86-241887583BE8}.Debug|Any CPU.ActiveCfg = Debug|Any CPU
		{CEA4BEA6-185D-4158-AA86-241887583BE8}.Debug|Any CPU.Build.0 = Debug|Any CPU
		{CEA4BEA6-185D-4158-AA86-241887583BE8}.Release|Any CPU.ActiveCfg = Release|Any CPU
		{CEA4BEA6-185D-4158-AA86-241887583BE8}.Release|Any CPU.Build.0 = Release|Any CPU
	EndGlobalSection
	GlobalSection(SolutionProperties) = preSolution
		HideSolutionNode = FALSE
	EndGlobalSection
EndGlobal
